
Microsoft Visual Studio Solution File, Format Version 12.00
# Visual Studio 15
VisualStudioVersion = 15.0.28307.645
MinimumVisualStudioVersion = 10.0.40219.1
Project("{E24C65DC-7377-472B-9ABA-BC803B73C61A}") = "react-spreadjs", ".", "{58066AE1-27BF-44DF-8D21-90CF4CFCAE5D}"
	ProjectSection(WebsiteProperties) = preProject
		TargetFrameworkMoniker = ".NETFramework,Version%3Dv4.0"
		Debug.AspNetCompiler.VirtualPath = "/localhost_53991"
		Debug.AspNetCompiler.PhysicalPath = "..\react-spreadjs\"
		Debug.AspNetCompiler.TargetPath = "PrecompiledWeb\localhost_53991\"
		Debug.AspNetCompiler.Updateable = "true"
		Debug.AspNetCompiler.ForceOverwrite = "true"
		Debug.AspNetCompiler.FixedNames = "false"
		Debug.AspNetCompiler.Debug = "True"
		Release.AspNetCompiler.VirtualPath = "/localhost_53991"
		Release.AspNetCompiler.PhysicalPath = "..\react-spreadjs\"
		Release.AspNetCompiler.TargetPath = "PrecompiledWeb\localhost_53991\"
		Release.AspNetCompiler.Updateable = "true"
		Release.AspNetCompiler.ForceOverwrite = "true"
		Release.AspNetCompiler.FixedNames = "false"
		Release.AspNetCompiler.Debug = "False"
		VWDPort = "53991"
		SlnRelativePath = "..\react-spreadjs\"
	EndProjectSection
EndProject
Global
	GlobalSection(SolutionConfigurationPlatforms) = preSolution
		Debug|Any CPU = Debug|Any CPU
	EndGlobalSection
	GlobalSection(ProjectConfigurationPlatforms) = postSolution
		{58066AE1-27BF-44DF-8D21-90CF4CFCAE5D}.Debug|Any CPU.ActiveCfg = Debug|Any CPU
		{58066AE1-27BF-44DF-8D21-90CF4CFCAE5D}.Debug|Any CPU.Build.0 = Debug|Any CPU
	EndGlobalSection
	GlobalSection(SolutionProperties) = preSolution
		HideSolutionNode = FALSE
	EndGlobalSection
	GlobalSection(ExtensibilityGlobals) = postSolution
		SolutionGuid = {0550B7E0-8D64-4959-9ECF-B9C65D68EBF8}
	EndGlobalSection
EndGlobal
