
Microsoft Visual Studio Solution File, Format Version 12.00
# Visual Studio 15
VisualStudioVersion = 15.0.28307.645
MinimumVisualStudioVersion = 10.0.40219.1
Project("{9092AA53-FB77-4645-B42D-1CCCA6BD08BD}") = "react-spreadjs", "react-spreadjs\react-spreadjs.njsproj", "{DA667BB8-1E5C-4930-95CF-4194F3B084C0}"
EndProject
Global
	GlobalSection(SolutionConfigurationPlatforms) = preSolution
		Debug|Any CPU = Debug|Any CPU
		Release|Any CPU = Release|Any CPU
	EndGlobalSection
	GlobalSection(ProjectConfigurationPlatforms) = postSolution
		{DA667BB8-1E5C-4930-95CF-4194F3B084C0}.Debug|Any CPU.ActiveCfg = Debug|Any CPU
		{DA667BB8-1E5C-4930-95CF-4194F3B084C0}.Debug|Any CPU.Build.0 = Debug|Any CPU
		{DA667BB8-1E5C-4930-95CF-4194F3B084C0}.Release|Any CPU.ActiveCfg = Release|Any CPU
		{DA667BB8-1E5C-4930-95CF-4194F3B084C0}.Release|Any CPU.Build.0 = Release|Any CPU
	EndGlobalSection
	GlobalSection(SolutionProperties) = preSolution
		HideSolutionNode = FALSE
	EndGlobalSection
	GlobalSection(ExtensibilityGlobals) = postSolution
		SolutionGuid = {815295EB-6047-4A2F-9E90-086C77CC8B81}
	EndGlobalSection
EndGlobal
